# This file is automatically @generated by Cargo.
# It is not intended for manual editing.
version = 4

[[package]]
name = "aho-corasick"
version = "1.1.5"
source = "registry+https://github.com/rust-lang/crates.io-index"
checksum = "c982642fa9e8606056828ee9a8505737230110bb1099153c79efe865c59d12ba"
dependencies = [
 "memchr",
]

[[package]]
name = "autocfg"
version = "1.5.1"
source = "registry+https://github.com/rust-lang/crates.io-index"
checksum = "f2032f911046de80f0a198e0901378627c33f59ea0ac00e363d481118bd70a53"

[[package]]
name = "bitflags"
version = "2.13.1"
source = "registry+https://github.com/rust-lang/crates.io-index"
checksum = "b588b76d00fde79687d7646a9b5bdf3cc0f655e0bbd080335a95d7e96f3587da"

[[package]]
name = "block-buffer"
version = "0.10.4"
source = "registry+https://github.com/rust-lang/crates.io-index"
checksum = "3078c7629b62d3f0439517fa394996acacc5cbc91c5a20d8c658e77abd503a71"
dependencies = [
 "generic-array",
]

[[package]]
name = "bstr"
version = "1.13.1"
source = "registry+https://github.com/rust-lang/crates.io-index"
checksum = "6bb31b46c14244e20ee9984b11bf5c992b91fb6939fea616e3512c8baecdbe5f"
dependencies = [
 "memchr",
 "serde_core",
]

[[package]]
name = "bumpalo"
version = "3.20.3"
source = "registry+https://github.com/rust-lang/crates.io-index"
checksum = "72f5acc6cb2ba439de613abc23857ec3d78374d8ed5ac84e9d11336e87da8649"

[[package]]
name = "cfg-if"
version = "1.0.4"
source = "registry+https://github.com/rust-lang/crates.io-index"
checksum = "9330f8b2ff13f34540b44e946ef35111825727b38d33286ef986142615121801"

[[package]]
name = "cpufeatures"
version = "0.2.17"
source = "registry+https://github.com/rust-lang/crates.io-index"
checksum = "59ed5838eebb26a2bb2e58f6d5b5316989ae9d08bab10e0e6d103e656d1b0280"
dependencies = [
 "libc",
]

[[package]]
name = "crunchy"
version = "0.2.4"
source = "registry+https://github.com/rust-lang/crates.io-index"
checksum = "460fbee9c2c2f33933d720630a6a0bac33ba7053db5344fac858d4b8952d77d5"

[[package]]
name = "crypto-common"
version = "0.1.7"
source = "registry+https://github.com/rust-lang/crates.io-index"
checksum = "78c8292055d1c1df0cce5d180393dc8cce0abec0a7102adb6c7b1eef6016d60a"
dependencies = [
 "generic-array",
 "typenum",
]

[[package]]
name = "digest"
version = "0.10.7"
source = "registry+https://github.com/rust-lang/crates.io-index"
checksum = "9ed9a281f7bc9b7576e61468ba615a66a5c8cfdff42420a70aa82701a3b1e292"
dependencies = [
 "block-buffer",
 "crypto-common",
]

[[package]]
name = "equivalent"
version = "1.0.2"
source = "registry+https://github.com/rust-lang/crates.io-index"
checksum = "877a4ace8713b0bcf2a4e7eec82529c029f1d0619886d18145fea96c3ffe5c0f"

[[package]]
name = "errno"
version = "0.3.14"
source = "registry+https://github.com/rust-lang/crates.io-index"
checksum = "39cab71617ae0d63f51a36d69f866391735b51691dbda63cf6f96d042b63efeb"
dependencies = [
 "libc",
 "windows-sys",
]

[[package]]
name = "fastrand"
version = "2.5.0"
source = "registry+https://github.com/rust-lang/crates.io-index"
checksum = "da7c62ceae207dd37ea5b845da6a0696c799f85e97da1ab5b7910be3c1c80223"

[[package]]
name = "foldhash"
version = "0.1.5"
source = "registry+https://github.com/rust-lang/crates.io-index"
checksum = "d9c4f5dac5e15c24eb999c26181a6ca40b39fe946cbe4c263c7209467bc83af2"

[[package]]
name = "generic-array"
version = "0.14.7"
source = "registry+https://github.com/rust-lang/crates.io-index"
checksum = "85649ca51fd72272d7821adaf274ad91c288277713d9c18820d8499a7ff69e9a"
dependencies = [
 "typenum",
 "version_check",
]

[[package]]
name = "getrandom"
version = "0.4.3"
source = "registry+https://github.com/rust-lang/crates.io-index"
checksum = "300e883d756b2e4ec94e02791f39b04b522276138852cfc41d9fb7e904106099"
dependencies = [
 "cfg-if",
 "libc",
 "r-efi",
]

[[package]]
name = "globset"
version = "0.4.20"
source = "registry+https://github.com/rust-lang/crates.io-index"
checksum = "07c34a9410465b45bd9787443bc7370f37735bad04b0f0cd57ff1a3186c98988"
dependencies = [
 "aho-corasick",
 "bstr",
 "log",
 "regex-automata",
 "regex-syntax",
]

[[package]]
name = "half"
version = "2.7.1"
source = "registry+https://github.com/rust-lang/crates.io-index"
checksum = "6ea2d84b969582b4b1864a92dc5d27cd2b77b622a8d79306834f1be5ba20d84b"
dependencies = [
 "cfg-if",
 "crunchy",
 "zerocopy",
]

[[package]]
name = "hashbrown"
version = "0.15.5"
source = "registry+https://github.com/rust-lang/crates.io-index"
checksum = "9229cfe53dfd69f0609a49f65461bd93001ea1ef889cd5529dd176593f5338a1"
dependencies = [
 "foldhash",
]

[[package]]
name = "hashbrown"
version = "0.17.1"
source = "registry+https://github.com/rust-lang/crates.io-index"
checksum = "ed5909b6e89a2db4456e54cd5f673791d7eca6732202bbf2a9cc504fe2f9b84a"

[[package]]
name = "indexmap"
version = "2.14.0"
source = "registry+https://github.com/rust-lang/crates.io-index"
checksum = "d466e9454f08e4a911e14806c24e16fba1b4c121d1ea474396f396069cf949d9"
dependencies = [
 "equivalent",
 "hashbrown 0.17.1",
]

[[package]]
name = "inventory"
version = "0.3.24"
source = "registry+https://github.com/rust-lang/crates.io-index"
checksum = "a4f0c30c76f2f4ccee3fe55a2435f691ca00c0e4bd87abe4f4a851b1d4dac39b"
dependencies = [
 "rustversion",
]

[[package]]
name = "itoa"
version = "1.0.18"
source = "registry+https://github.com/rust-lang/crates.io-index"
checksum = "8f42a60cbdf9a97f5d2305f08a87dc4e09308d1276d28c869c684d7777685682"

[[package]]
name = "leb128fmt"
version = "0.1.0"
source = "registry+https://github.com/rust-lang/crates.io-index"
checksum = "09edd9e8b54e49e587e4f6295a7d29c3ea94d469cb40ab8ca70b288248a81db2"

[[package]]
name = "libc"
version = "0.2.189"
source = "registry+https://github.com/rust-lang/crates.io-index"
checksum = "3eaf3ede3fee6db1a4c2ee091bf8a8b4dccdc6d17f656fb07896ee72867612f2"

[[package]]
name = "libloading"
version = "0.8.9"
source = "registry+https://github.com/rust-lang/crates.io-index"
checksum = "d7c4b02199fee7c5d21a5ae7d8cfa79a6ef5bb2fc834d6e9058e89c825efdc55"
dependencies = [
 "cfg-if",
 "windows-link",
]

[[package]]
name = "libm"
version = "0.2.16"
source = "registry+https://github.com/rust-lang/crates.io-index"
checksum = "b6d2cec3eae94f9f509c767b45932f1ada8350c4bdb85af2fcab4a3c14807981"

[[package]]
name = "linux-raw-sys"
version = "0.12.1"
source = "registry+https://github.com/rust-lang/crates.io-index"
checksum = "32a66949e030da00e8c7d4434b251670a91556f4144941d37452769c25d58a53"

[[package]]
name = "log"
version = "0.4.33"
source = "registry+https://github.com/rust-lang/crates.io-index"
checksum = "0ceec5bc11778974d1bcb055b18002eba7f4b3518b6a0081b3af5f21666da9ad"

[[package]]
name = "memchr"
version = "2.8.3"
source = "registry+https://github.com/rust-lang/crates.io-index"
checksum = "cf8baf1c55e62ffcace7a9f06f4bd9cd3f0c4beb022d3b367256b91b87513d98"

[[package]]
name = "num-bigint"
version = "0.4.8"
source = "registry+https://github.com/rust-lang/crates.io-index"
checksum = "c89e69e7e0f03bea5ef08013795c25018e101932225a656383bd384495ecc367"
dependencies = [
 "num-integer",
 "num-traits",
]

[[package]]
name = "num-integer"
version = "0.1.47"
source = "registry+https://github.com/rust-lang/crates.io-index"
checksum = "7ce2d95d4b3734dc35aa2f45e1aa22cd416814592a4f9d9205e11affd5b8e10b"
dependencies = [
 "num-traits",
]

[[package]]
name = "num-rational"
version = "0.4.2"
source = "registry+https://github.com/rust-lang/crates.io-index"
checksum = "f83d14da390562dca69fc84082e73e548e1ad308d24accdedd2720017cb37824"
dependencies = [
 "num-bigint",
 "num-integer",
 "num-traits",
]

[[package]]
name = "num-traits"
version = "0.2.19"
source = "registry+https://github.com/rust-lang/crates.io-index"
checksum = "071dfc062690e90b734c0b2273ce72ad0ffa95f0c74596bc250dcfd960262841"
dependencies = [
 "autocfg",
]

[[package]]
name = "once_cell"
version = "1.21.4"
source = "registry+https://github.com/rust-lang/crates.io-index"
checksum = "9f7c3e4beb33f85d45ae3e3a1792185706c8e16d043238c593331cc7cd313b50"

[[package]]
name = "proc-macro-crate"
version = "3.5.0"
source = "registry+https://github.com/rust-lang/crates.io-index"
checksum = "e67ba7e9b2b56446f1d419b1d807906278ffa1a658a8a5d8a39dcb1f5a78614f"
dependencies = [
 "toml_edit 0.25.13+spec-1.1.0",
]

[[package]]
name = "proc-macro2"
version = "1.0.107"
source = "registry+https://github.com/rust-lang/crates.io-index"
checksum = "985e7ec9bb745e6ce6535b544d84d6cd6f7ad8bd711c398938ae983b91a766d9"
dependencies = [
 "unicode-ident",
]

[[package]]
name = "quote"
version = "1.0.47"
source = "registry+https://github.com/rust-lang/crates.io-index"
checksum = "1fbf4db142a473a8d80c26bbf18454ed458bf8d26c8219c331daecfdbd079001"
dependencies = [
 "proc-macro2",
]

[[package]]
name = "r-efi"
version = "6.0.0"
source = "registry+https://github.com/rust-lang/crates.io-index"
checksum = "f8dcc9c7d52a811697d2151c701e0d08956f92b0e24136cf4cf27b57a6a0d9bf"

[[package]]
name = "regex"
version = "1.13.1"
source = "registry+https://github.com/rust-lang/crates.io-index"
checksum = "f020237b6c8eed93db2e2cb53c00c60a8e1bc73da7d073199a1180401450218d"
dependencies = [
 "aho-corasick",
 "memchr",
 "regex-automata",
 "regex-syntax",
]

[[package]]
name = "regex-automata"
version = "0.4.18"
source = "registry+https://github.com/rust-lang/crates.io-index"
checksum = "ad8553b9b26413251cbf30e620595c7a41b3887f03da04579c0e6b0d6a06b4b2"
dependencies = [
 "aho-corasick",
 "memchr",
 "regex-syntax",
]

[[package]]
name = "regex-syntax"
version = "0.8.11"
source = "registry+https://github.com/rust-lang/crates.io-index"
checksum = "d6f6ff9a378485b298a5286656da665ba74413d36db0979633275d2e708145d4"

[[package]]
name = "roxmltree"
version = "0.21.1"
source = "registry+https://github.com/rust-lang/crates.io-index"
checksum = "f1964b10c76125c36f8afe190065a4bf9a87bf324842c05701330bba9f1cacbb"
dependencies = [
 "memchr",
]

[[package]]
name = "rustix"
version = "1.1.4"
source = "registry+https://github.com/rust-lang/crates.io-index"
checksum = "b6fe4565b9518b83ef4f91bb47ce29620ca828bd32cb7e408f0062e9930ba190"
dependencies = [
 "bitflags",
 "errno",
 "libc",
 "linux-raw-sys",
 "windows-sys",
]

[[package]]
name = "rustversion"
version = "1.0.23"
source = "registry+https://github.com/rust-lang/crates.io-index"
checksum = "cf54715a573b99ac80df0bc206da022bcd442c974952c7b9720069370852e21f"

[[package]]
name = "serde"
version = "1.0.229"
source = "registry+https://github.com/rust-lang/crates.io-index"
checksum = "4148590afebada386688f18773da617792bf2ef03ffc1e4cbd2b1d45b023e0ba"
dependencies = [
 "serde_core",
 "serde_derive",
]

[[package]]
name = "serde_core"
version = "1.0.229"
source = "registry+https://github.com/rust-lang/crates.io-index"
checksum = "67dca2c9c51e58a4791a4b1ed58308b39c64224d349a935ab5039aa360942a48"
dependencies = [
 "serde_derive",
]

[[package]]
name = "serde_derive"
version = "1.0.229"
source = "registry+https://github.com/rust-lang/crates.io-index"
checksum = "e7a5d71263a5a7d47b41f6b3f06ba276f10cc18b0931f1799f710578e2309348"
dependencies = [
 "proc-macro2",
 "quote",
 "syn 3.0.3",
]

[[package]]
name = "serde_json"
version = "1.0.151"
source = "registry+https://github.com/rust-lang/crates.io-index"
checksum = "c841b55ecdae098c80dcae9cf767f6f8a0c2cdb3416bbef72181df4d0fe73f14"
dependencies = [
 "indexmap",
 "itoa",
 "memchr",
 "serde",
 "serde_core",
 "zmij",
]

[[package]]
name = "serde_spanned"
version = "0.6.9"
source = "registry+https://github.com/rust-lang/crates.io-index"
checksum = "bf41e0cfaf7226dca15e8197172c295a782857fcb97fad1808a166870dee75a3"
dependencies = [
 "serde",
]

[[package]]
name = "sha2"
version = "0.10.9"
source = "registry+https://github.com/rust-lang/crates.io-index"
checksum = "a7507d819769d01a365ab707794a4084392c824f54a7a6a7862f8c3d0892b283"
dependencies = [
 "cfg-if",
 "cpufeatures",
 "digest",
]

[[package]]
name = "sim-audio-ports"
version = "0.1.0"

[[package]]
name = "sim-citizen"
version = "0.2.0"
source = "registry+https://github.com/rust-lang/crates.io-index"
checksum = "be0642ec328afcbb0ac615a0f7550846bd1df9f79820de624f45ea640a4a5e5e"
dependencies = [
 "inventory",
 "sim-kernel",
 "sim-value",
]

[[package]]
name = "sim-citizen-derive"
version = "0.2.0"
source = "registry+https://github.com/rust-lang/crates.io-index"
checksum = "3a1d8410aba0b26fb2e41555aa65ee953c9fdbe6c1c0f3ad9aaefc0542b97dfe"
dependencies = [
 "proc-macro-crate",
 "proc-macro2",
 "quote",
 "syn 2.0.119",
]

[[package]]
name = "sim-codec"
version = "0.1.8"
source = "registry+https://github.com/rust-lang/crates.io-index"
checksum = "045961bf4c66c142118977df61b8fb8ea2b774674d4048040a3b2666e26cb8d4"
dependencies = [
 "sim-citizen",
 "sim-citizen-derive",
 "sim-cookbook",
 "sim-kernel",
 "sim-lib-net-core",
 "sim-shape",
]

[[package]]
name = "sim-codec-algol"
version = "0.1.4"
source = "registry+https://github.com/rust-lang/crates.io-index"
checksum = "827a8ce96389e695149ecea6cae837c771969c9e6c8b841856eb09e246b8b701"
dependencies = [
 "sim-codec",
 "sim-codec-lisp",
 "sim-codec-pratt",
 "sim-cookbook",
 "sim-kernel",
 "sim-shape",
]

[[package]]
name = "sim-codec-binary"
version = "0.2.1"
source = "registry+https://github.com/rust-lang/crates.io-index"
checksum = "ca33bfc30d379f0931e2110719c578a8274653ba1a58b75f2ecef61dd8d9940d"
dependencies = [
 "sim-codec",
 "sim-cookbook",
 "sim-kernel",
 "sim-value",
]

[[package]]
name = "sim-codec-binary-base64"
version = "0.1.5"
source = "registry+https://github.com/rust-lang/crates.io-index"
checksum = "050bad9e14a7100441bc0cf7112c256ffdfa547753918cf7589067c248f2e92d"
dependencies = [
 "sim-codec",
 "sim-codec-binary",
 "sim-cookbook",
 "sim-kernel",
 "sim-value",
]

[[package]]
name = "sim-codec-chat"
version = "0.2.1"
source = "registry+https://github.com/rust-lang/crates.io-index"
checksum = "e50f7b855120096f058a5ecb41047adddf6fb11477ca7deac99c3a892724fe4f"
dependencies = [
 "serde_json",
 "sim-codec",
 "sim-codec-binary-base64",
 "sim-codec-json",
 "sim-cookbook",
 "sim-kernel",
 "sim-shape",
 "sim-value",
]

[[package]]
name = "sim-codec-json"
version = "0.2.2"
source = "registry+https://github.com/rust-lang/crates.io-index"
checksum = "73cacc760b1ba5902affa176518738df6fee54d0409ae57f16ff68cdaaaf5293"
dependencies = [
 "serde",
 "serde_json",
 "sim-codec",
 "sim-codec-binary-base64",
 "sim-cookbook",
 "sim-kernel",
 "sim-shape",
]

[[package]]
name = "sim-codec-lisp"
version = "0.2.1"
source = "registry+https://github.com/rust-lang/crates.io-index"
checksum = "3072205ef346d168090bbb2422480dd29de951a94e27d445bd983106c4ed1e62"
dependencies = [
 "proc-macro2",
 "sim-codec",
 "sim-cookbook",
 "sim-kernel",
 "sim-shape",
]

[[package]]
name = "sim-codec-pratt"
version = "0.1.3"
source = "registry+https://github.com/rust-lang/crates.io-index"
checksum = "8241904cd3b567959eb53b656537370100d10d5e5b235de37126e2f5ec474f22"
dependencies = [
 "sim-codec",
 "sim-cookbook",
 "sim-kernel",
]

[[package]]
name = "sim-config"
version = "0.1.4"
source = "registry+https://github.com/rust-lang/crates.io-index"
checksum = "025d34aef91d904517ba9dba379c38e577f6796b07a6236f7682f754b4ab381c"
dependencies = [
 "sim-kernel",
 "sim-table-core",
 "sim-value",
]

[[package]]
name = "sim-cookbook"
version = "0.2.1"
source = "registry+https://github.com/rust-lang/crates.io-index"
checksum = "5c2e45a5b7847f7c185df4005c2b01c0b5c79112a719f29e713cc0ad859ab3c2"
dependencies = [
 "sim-config",
 "sim-kernel",
 "sim-value",
]

[[package]]
name = "sim-kernel"
version = "0.2.1"
source = "registry+https://github.com/rust-lang/crates.io-index"
checksum = "87fec60f730fdf6f3ec3e0d125ef698f317922c6d3161e7cb0c2d1620d213794"
dependencies = [
 "thiserror",
]

[[package]]
name = "sim-lib-core"
version = "0.1.4"
source = "registry+https://github.com/rust-lang/crates.io-index"
checksum = "79882513278f663641edeedeb0d3a4cc4e9f8563235ab5db854a027329cdf475"
dependencies = [
 "sim-codec",
 "sim-cookbook",
 "sim-kernel",
 "sim-shape",
 "sim-value",
]

[[package]]
name = "sim-lib-core"
version = "0.2.0"
source = "registry+https://github.com/rust-lang/crates.io-index"
checksum = "f91cc2691ec91d73380a4e2f32284fd7462f98e4650f281c0728645dbeb18ca2"
dependencies = [
 "sim-codec",
 "sim-cookbook",
 "sim-kernel",
 "sim-shape",
 "sim-value",
]

[[package]]
name = "sim-lib-discrete-algebra"
version = "0.2.0"
source = "registry+https://github.com/rust-lang/crates.io-index"
checksum = "078fba5cff142be2c40cc2ecb3fa31f1d1e2909cfce2594b67d2769f8da13b2f"
dependencies = [
 "num-bigint",
 "sim-cookbook",
 "thiserror",
]

[[package]]
name = "sim-lib-discrete-comb"
version = "0.2.0"
source = "registry+https://github.com/rust-lang/crates.io-index"
checksum = "fe2bb5bcfb88385e0c367e267335f4b8e472e9512e334979c0b00dd130fd48b5"
dependencies = [
 "num-bigint",
 "sim-cookbook",
 "thiserror",
]

[[package]]
name = "sim-lib-discrete-graph"
version = "0.2.0"
source = "registry+https://github.com/rust-lang/crates.io-index"
checksum = "6dbf9879f2ff9b11ff11a47327d909a787edf3e3ea098e52b148cdb3ababba3b"
dependencies = [
 "sim-cookbook",
 "sim-lib-discrete-algebra",
 "thiserror",
]

[[package]]
name = "sim-lib-discrete-rank"
version = "0.1.2"
source = "registry+https://github.com/rust-lang/crates.io-index"
checksum = "feb8d97483c2ce379043ee09a960ea21dcd4f1c72e5a0a12fe04c8ad6b66b3d4"
dependencies = [
 "num-bigint",
 "sim-cookbook",
 "sim-lib-discrete-algebra",
 "sim-lib-discrete-comb",
 "sim-lib-discrete-graph",
 "sim-lib-discrete-spectral",
 "sim-lib-rank",
 "thiserror",
]

[[package]]
name = "sim-lib-discrete-search"
version = "0.1.1"
source = "registry+https://github.com/rust-lang/crates.io-index"
checksum = "79f5c58a9a51ca9217681140e844c47ecfd678e986b9fc1cda02950ec9b071c5"
dependencies = [
 "sim-cookbook",
 "thiserror",
]

[[package]]
name = "sim-lib-discrete-spectral"
version = "0.2.0"
source = "registry+https://github.com/rust-lang/crates.io-index"
checksum = "b54f9db747d49c9622023e486c37360f05440430bde94f8d2cb24d7c752fd535"
dependencies = [
 "sim-cookbook",
 "sim-lib-discrete-algebra",
 "thiserror",
]

[[package]]
name = "sim-lib-exec"
version = "0.2.0"
dependencies = [
 "sim-cookbook",
 "sim-kernel",
]

[[package]]
name = "sim-lib-midi-core"
version = "0.1.5"
source = "registry+https://github.com/rust-lang/crates.io-index"
checksum = "d17c477c16af8746aa9207c18aa5ccaebe1079341f66850e7bfea5268275a991"
dependencies = [
 "sim-cookbook",
 "sim-kernel",
 "sim-lib-core 0.2.0",
 "sim-lib-stream-clock",
 "thiserror",
]

[[package]]
name = "sim-lib-midi-shapes"
version = "0.2.0"
source = "registry+https://github.com/rust-lang/crates.io-index"
checksum = "e5be059d4def43a4f6e9c187995938842bb9c22eedbf310df960a6a82bc543f4"
dependencies = [
 "sim-citizen",
 "sim-citizen-derive",
 "sim-codec",
 "sim-cookbook",
 "sim-kernel",
 "sim-lib-midi-core",
 "sim-lib-midi-smf",
 "sim-shape",
 "sim-value",
 "thiserror",
]

[[package]]
name = "sim-lib-midi-smf"
version = "0.2.0"
source = "registry+https://github.com/rust-lang/crates.io-index"
checksum = "61b6b7ff7a91c3c97caddcdbf158fc1bb90d84f2b6fc332ededc8c5babbdf4d9"
dependencies = [
 "sim-cookbook",
 "sim-lib-midi-core",
 "thiserror",
]

[[package]]
name = "sim-lib-music-analysis"
version = "0.1.4"
source = "registry+https://github.com/rust-lang/crates.io-index"
checksum = "9a79973f39298e67e82eb03bf42879a634d73f753813a4d0f255a9b702ce7374"
dependencies = [
 "sim-cookbook",
 "sim-kernel",
 "sim-lib-core 0.2.0",
 "sim-lib-discrete-graph",
 "sim-lib-discrete-search",
 "sim-lib-music-core",
 "sim-lib-numbers-signal",
 "sim-lib-numbers-stats",
 "sim-lib-pitch-chord",
 "sim-lib-pitch-core",
 "sim-lib-pitch-namer-riemann",
 "sim-lib-pitch-set",
 "sim-shape",
 "thiserror",
]

[[package]]
name = "sim-lib-music-core"
version = "0.2.0"
source = "registry+https://github.com/rust-lang/crates.io-index"
checksum = "719bf8f3697ab7c91cc424cfe6434dcb9ad2e47a14a32597ed4cfc5cd2ff6b27"
dependencies = [
 "num-rational",
 "sim-cookbook",
 "sim-kernel",
 "sim-lib-midi-core",
 "sim-lib-midi-smf",
 "sim-lib-pitch-core",
 "sim-lib-stream-core",
 "sim-lib-topology",
 "sim-value",
 "thiserror",
]

[[package]]
name = "sim-lib-music-lift"
version = "0.1.3"
source = "registry+https://github.com/rust-lang/crates.io-index"
checksum = "36b9c2e4f0f4e8c52e14d231e07c80fc9ad2d898d1ebdb6df69763af529cac8a"
dependencies = [
 "num-rational",
 "sim-cookbook",
 "sim-kernel",
 "sim-lib-core 0.2.0",
 "sim-lib-midi-core",
 "sim-lib-midi-smf",
 "sim-lib-music-analysis",
 "sim-lib-music-core",
 "sim-lib-pitch-core",
 "sim-lib-pitch-namer",
 "sim-lib-pitch-scale",
 "thiserror",
]

[[package]]
name = "sim-lib-music-lower"
version = "0.1.2"
source = "registry+https://github.com/rust-lang/crates.io-index"
checksum = "19570d42be6cfb047cded53ca73275e12124c1e67a3e84e31e10c496780c3f31"
dependencies = [
 "num-rational",
 "sim-cookbook",
 "sim-lib-midi-core",
 "sim-lib-midi-smf",
 "sim-lib-music-core",
 "sim-lib-pitch-core",
 "thiserror",
]

[[package]]
name = "sim-lib-music-notation"
version = "0.2.0"
source = "registry+https://github.com/rust-lang/crates.io-index"
checksum = "6b5ba0dfcb0ca9441d298ad79b693208d5c21dd158e5c9e9be1b97dacf5aca65"
dependencies = [
 "num-rational",
 "roxmltree",
 "sim-cookbook",
 "sim-kernel",
 "sim-lib-core 0.1.4",
 "sim-lib-music-core",
 "sim-lib-music-shapes",
 "sim-lib-pitch-core",
 "sim-shape",
 "thiserror",
]

[[package]]
name = "sim-lib-music-serial"
version = "0.1.1"
source = "registry+https://github.com/rust-lang/crates.io-index"
checksum = "3c23f1ef7add0d97d2733f810a91a760f21af9802efed1cce0bf5cc7e5e3a7b8"
dependencies = [
 "sim-cookbook",
 "sim-lib-discrete-search",
 "sim-lib-music-core",
 "sim-lib-music-lower",
 "sim-lib-pitch-chord",
 "sim-lib-pitch-core",
 "sim-lib-pitch-dissonance",
 "sim-lib-pitch-namer-roman",
 "sim-lib-pitch-ratio",
 "sim-lib-pitch-scale",
 "sim-lib-pitch-serial",
 "sim-lib-pitch-set",
 "sim-lib-serial-core",
 "sim-lib-sound-tuning",
 "thiserror",
]

[[package]]
name = "sim-lib-music-shapes"
version = "0.2.0"
source = "registry+https://github.com/rust-lang/crates.io-index"
checksum = "6c092c4578459011c73191ef98b10efae6eb76ee4399269e94030ab2419bde5d"
dependencies = [
 "sim-citizen",
 "sim-citizen-derive",
 "sim-codec",
 "sim-cookbook",
 "sim-kernel",
 "sim-lib-midi-shapes",
 "sim-lib-music-analysis",
 "sim-lib-music-core",
 "sim-lib-music-lift",
 "sim-lib-music-lower",
 "sim-lib-music-serial",
 "sim-lib-music-transform",
 "sim-lib-pitch-scale",
 "sim-lib-pitch-serial",
 "sim-lib-pitch-set",
 "sim-lib-serial-core",
 "sim-shape",
 "sim-value",
 "thiserror",
]

[[package]]
name = "sim-lib-music-transform"
version = "0.1.4"
source = "registry+https://github.com/rust-lang/crates.io-index"
checksum = "c935aeb52a3e92476ff03e3441560804fdde2cda3b2abe71b7afa17cd66ff5d4"
dependencies = [
 "num-rational",
 "sim-cookbook",
 "sim-kernel",
 "sim-lib-discrete-graph",
 "sim-lib-music-core",
 "sim-lib-music-serial",
 "sim-lib-pitch-chord",
 "sim-lib-pitch-core",
 "sim-lib-pitch-scale",
 "sim-lib-pitch-serial",
 "thiserror",
]

[[package]]
name = "sim-lib-net-core"
version = "0.2.1"
source = "registry+https://github.com/rust-lang/crates.io-index"
checksum = "c322c6e9cc203fca63291b584b241d8a0bd3029986abfdfb151b57e2d20233a8"
dependencies = [
 "sim-cookbook",
]

[[package]]
name = "sim-lib-numbers-core"
version = "0.3.2"
source = "registry+https://github.com/rust-lang/crates.io-index"
checksum = "ed5e3d8ee6ba32a84e0e3aa15edfc478411ef255eba7a4c928dd98d73306a9b7"
dependencies = [
 "sim-cookbook",
 "sim-kernel",
 "sim-shape",
]

[[package]]
name = "sim-lib-numbers-signal"
version = "0.1.0"
source = "registry+https://github.com/rust-lang/crates.io-index"
checksum = "8451e4cdcbd6ce81bea7eac9332a3dcb99d5fa2e43496eca33ad8d46b8f1b22c"
dependencies = [
 "sim-cookbook",
 "sim-kernel",
 "sim-lib-numbers-tensor",
 "sim-lib-numbers-tensor-cmplxf",
 "sim-lib-numbers-tensor-f64",
 "sim-lib-numbers-tensor-linalg",
]

[[package]]
name = "sim-lib-numbers-stats"
version = "0.4.0"
source = "registry+https://github.com/rust-lang/crates.io-index"
checksum = "1f3b5e8c3afe9af35d87f1210be009531d9495020cd62bded448533188ac4120"
dependencies = [
 "sim-cookbook",
 "sim-kernel",
 "sim-lib-numbers-core",
 "sim-value",
]

[[package]]
name = "sim-lib-numbers-tensor"
version = "0.2.1"
source = "registry+https://github.com/rust-lang/crates.io-index"
checksum = "c74a10369ab1b163ef76e9e4c8a27a488e7546fee62c358ae1b65c08c59e10af"
dependencies = [
 "half",
 "sim-citizen",
 "sim-citizen-derive",
 "sim-cookbook",
 "sim-kernel",
 "sim-lib-numbers-core",
 "sim-shape",
]

[[package]]
name = "sim-lib-numbers-tensor-cmplxf"
version = "0.3.1"
source = "registry+https://github.com/rust-lang/crates.io-index"
checksum = "28a6026f2fa966492f0f7cca3e63db3cad8228d6aea74fcdcbf395fb9f1334cf"
dependencies = [
 "sim-cookbook",
 "sim-kernel",
 "sim-lib-numbers-tensor",
]

[[package]]
name = "sim-lib-numbers-tensor-f64"
version = "0.3.0"
source = "registry+https://github.com/rust-lang/crates.io-index"
checksum = "f19542c61403d969aa8e62e73e3d98618821b42b669f54098cbbbbb93e188cab"
dependencies = [
 "sim-cookbook",
 "sim-kernel",
 "sim-lib-numbers-tensor",
]

[[package]]
name = "sim-lib-numbers-tensor-linalg"
version = "0.3.1"
source = "registry+https://github.com/rust-lang/crates.io-index"
checksum = "c26561d3b88c24dcf7ee0dc0c2878867207a44f0ba1cfbc9446da70984620790"
dependencies = [
 "sim-cookbook",
 "sim-kernel",
 "sim-lib-numbers-core",
 "sim-lib-numbers-tensor",
]

[[package]]
name = "sim-lib-pitch-chord"
version = "0.2.1"
source = "registry+https://github.com/rust-lang/crates.io-index"
checksum = "1a95f2b1640a118ab836f73cb88cd328507ee3a2587c46aff1cb4256b2fef629"
dependencies = [
 "sim-cookbook",
 "sim-kernel",
 "sim-lib-discrete-graph",
 "sim-lib-discrete-search",
 "sim-lib-numbers-stats",
 "sim-lib-pitch-core",
 "sim-lib-pitch-namer-roman",
 "sim-lib-pitch-ratio",
 "sim-lib-pitch-scale",
 "sim-lib-pitch-set",
 "sim-value",
 "thiserror",
]

[[package]]
name = "sim-lib-pitch-core"
version = "0.2.0"
source = "registry+https://github.com/rust-lang/crates.io-index"
checksum = "d126ac5da1959dcd4a96c5519a0bc1aea972a1bc51d214e9fcd71274c97a0221"
dependencies = [
 "sim-cookbook",
 "thiserror",
]

[[package]]
name = "sim-lib-pitch-dissonance"
version = "0.1.3"
source = "registry+https://github.com/rust-lang/crates.io-index"
checksum = "62b10a97904ecb8efdb58d1be31c2cb90fd672a8a4035851061c3a5f8cd61a70"
dependencies = [
 "sim-cookbook",
 "sim-kernel",
 "sim-lib-core 0.2.0",
 "sim-lib-pitch-core",
 "sim-lib-pitch-namer",
 "sim-lib-pitch-ratio",
 "sim-lib-pitch-scale",
 "sim-lib-pitch-set",
]

[[package]]
name = "sim-lib-pitch-namer"
version = "0.1.4"
source = "registry+https://github.com/rust-lang/crates.io-index"
checksum = "713b2957de04233b68f74a77b3a88463bdb4977b76ec8abca5b3fd8ae32460d8"
dependencies = [
 "sim-cookbook",
 "sim-kernel",
 "sim-lib-core 0.2.0",
 "sim-lib-pitch-chord",
 "sim-lib-pitch-core",
 "sim-lib-pitch-namer-forte",
 "sim-lib-pitch-namer-jazz",
 "sim-lib-pitch-namer-riemann",
 "sim-lib-pitch-namer-roman",
 "sim-lib-pitch-scale",
 "sim-lib-pitch-set",
 "thiserror",
]

[[package]]
name = "sim-lib-pitch-namer-forte"
version = "0.2.0"
source = "registry+https://github.com/rust-lang/crates.io-index"
checksum = "0ebdaba6f53b54026bdae346a489efa3be184aca2f8208591f152480b46879fe"
dependencies = [
 "sim-cookbook",
 "sim-lib-pitch-set",
]

[[package]]
name = "sim-lib-pitch-namer-jazz"
version = "0.2.0"
source = "registry+https://github.com/rust-lang/crates.io-index"
checksum = "3cac9989c0a5684f81afa3ef82deb507d66463da6d0431cf9959d2fc7e5a3a78"
dependencies = [
 "sim-cookbook",
 "sim-lib-pitch-chord",
 "sim-lib-pitch-core",
 "sim-lib-pitch-set",
 "thiserror",
]

[[package]]
name = "sim-lib-pitch-namer-riemann"
version = "0.2.0"
source = "registry+https://github.com/rust-lang/crates.io-index"
checksum = "aa50afe66b03c586a0d1411a7f9a202668e56696d8c4e6a49d2d04a2bbd8a19a"
dependencies = [
 "sim-cookbook",
 "sim-lib-pitch-core",
 "sim-lib-pitch-set",
]

[[package]]
name = "sim-lib-pitch-namer-roman"
version = "0.2.0"
source = "registry+https://github.com/rust-lang/crates.io-index"
checksum = "fb2d93e1b55ec8e73317362afba0d199cda370899a7f8578c108dca12e6aa6f8"
dependencies = [
 "sim-cookbook",
 "sim-lib-pitch-core",
 "sim-lib-pitch-scale",
 "sim-lib-pitch-set",
]

[[package]]
name = "sim-lib-pitch-ratio"
version = "0.1.0"
source = "registry+https://github.com/rust-lang/crates.io-index"
checksum = "3854650f9745b80bc41d238ce4f8cff431233ccf3364674d14bf2ea1117cbedf"
dependencies = [
 "num-bigint",
 "sim-cookbook",
 "sim-lib-discrete-comb",
 "sim-lib-discrete-search",
 "thiserror",
]

[[package]]
name = "sim-lib-pitch-scale"
version = "0.2.0"
source = "registry+https://github.com/rust-lang/crates.io-index"
checksum = "f87cc883bab257428879a6640e67fe52cad15164317aec83af7d151b49ef5b7f"
dependencies = [
 "sim-cookbook",
 "sim-lib-discrete-search",
 "sim-lib-pitch-core",
 "sim-lib-pitch-set",
 "thiserror",
]

[[package]]
name = "sim-lib-pitch-serial"
version = "0.1.1"
source = "registry+https://github.com/rust-lang/crates.io-index"
checksum = "2d648f3c30cb8ab2468f940bfc1b17526e4fc23a0d31592dd23003185e835a60"
dependencies = [
 "sim-cookbook",
 "sim-lib-discrete-comb",
 "sim-lib-pitch-core",
 "sim-lib-pitch-namer-forte",
 "sim-lib-pitch-set",
 "sim-lib-serial-core",
 "thiserror",
]

[[package]]
name = "sim-lib-pitch-set"
version = "0.2.0"
source = "registry+https://github.com/rust-lang/crates.io-index"
checksum = "caf07cd92168d71495cda7e0d1eaab86504209f00d2f451ab14481a61d9a7c25"
dependencies = [
 "sim-cookbook",
 "sim-lib-discrete-graph",
 "sim-lib-discrete-search",
 "sim-lib-pitch-core",
 "thiserror",
]

[[package]]
name = "sim-lib-platform"
version = "0.1.0"
dependencies = [
 "sim-kernel",
 "sim-platform-core",
]

[[package]]
name = "sim-lib-rank"
version = "0.1.4"
source = "registry+https://github.com/rust-lang/crates.io-index"
checksum = "25982b6d5b66bb805639780ce246f4008bc165a5ae38b5858dfa07dbfeeace6c"
dependencies = [
 "num-bigint",
 "sim-citizen",
 "sim-cookbook",
 "sim-kernel",
 "sim-lib-core 0.2.0",
 "sim-lib-stream-core",
]

[[package]]
name = "sim-lib-serial-core"
version = "0.1.0"
source = "registry+https://github.com/rust-lang/crates.io-index"
checksum = "f7021b1a8e076e41776c4188f5cadcb1441c5010b5b1d4a416b897df5403ebc7"
dependencies = [
 "sim-cookbook",
 "sim-lib-discrete-rank",
 "sim-lib-rank",
 "thiserror",
]

[[package]]
name = "sim-lib-sound-audio-lift"
version = "0.1.3"
source = "registry+https://github.com/rust-lang/crates.io-index"
checksum = "decfa49285e634f475f2c456fc6cc41023cb5ffb83785bdff89f953f86ece1c9"
dependencies = [
 "num-rational",
 "sim-cookbook",
 "sim-kernel",
 "sim-lib-core 0.2.0",
 "sim-lib-discrete-graph",
 "sim-lib-music-analysis",
 "sim-lib-numbers-signal",
 "sim-lib-pitch-core",
 "sim-lib-sound-core",
 "sim-lib-sound-spectrum",
 "sim-lib-sound-tuning",
 "sim-shape",
 "thiserror",
]

[[package]]
name = "sim-lib-sound-bridge"
version = "0.1.3"
source = "registry+https://github.com/rust-lang/crates.io-index"
checksum = "d30d27d165cd3ef1ef517cd710c6f5461afd3897d7f0cd99e1e23820ab6a98a7"
dependencies = [
 "sim-cookbook",
 "sim-kernel",
 "sim-lib-core 0.2.0",
 "sim-lib-midi-core",
 "sim-lib-pitch-core",
 "sim-lib-sound-core",
 "sim-lib-sound-timbre",
 "sim-lib-sound-tuning",
 "thiserror",
]

[[package]]
name = "sim-lib-sound-core"
version = "0.2.0"
source = "registry+https://github.com/rust-lang/crates.io-index"
checksum = "26c72583ec611c5f0f650deba08a7fe3172362b6965a432095937ed13ed92ef2"
dependencies = [
 "sim-cookbook",
 "sim-lib-pitch-core",
 "thiserror",
]

[[package]]
name = "sim-lib-sound-dissonance"
version = "0.1.3"
source = "registry+https://github.com/rust-lang/crates.io-index"
checksum = "3c9af2733efd8ba7ab4499916a8edadeadd0911609ccc027a63f9f8b78a9ebb4"
dependencies = [
 "sim-cookbook",
 "sim-kernel",
 "sim-lib-core 0.2.0",
 "sim-lib-discrete-search",
 "sim-lib-pitch-core",
 "sim-lib-pitch-dissonance",
 "sim-lib-pitch-namer",
 "sim-lib-pitch-set",
 "sim-lib-sound-core",
 "sim-lib-sound-spectrum",
 "thiserror",
]

[[package]]
name = "sim-lib-sound-render"
version = "0.1.3"
source = "registry+https://github.com/rust-lang/crates.io-index"
checksum = "a3aa390b2340bd97c8239c662054a351d20ad68ec9bb94391dfb2178799250f7"
dependencies = [
 "sim-cookbook",
 "sim-kernel",
 "sim-lib-core 0.2.0",
 "sim-lib-numbers-signal",
 "sim-lib-sound-audio-lift",
 "sim-lib-sound-bridge",
 "sim-lib-sound-core",
 "sim-lib-sound-timbre",
 "thiserror",
]

[[package]]
name = "sim-lib-sound-shapes"
version = "0.2.0"
source = "registry+https://github.com/rust-lang/crates.io-index"
checksum = "9e10274d9f1f7cd4149e09531d2b3a4fb8c2dfcf5d55b5a3ebdc843ae7a11eb5"
dependencies = [
 "sim-citizen",
 "sim-citizen-derive",
 "sim-codec",
 "sim-cookbook",
 "sim-kernel",
 "sim-lib-pitch-core",
 "sim-lib-sound-audio-lift",
 "sim-lib-sound-bridge",
 "sim-lib-sound-core",
 "sim-lib-sound-dissonance",
 "sim-lib-sound-render",
 "sim-lib-sound-spectrum",
 "sim-lib-sound-timbre",
 "sim-lib-sound-tuning",
 "sim-shape",
 "sim-value",
 "thiserror",
]

[[package]]
name = "sim-lib-sound-spectrum"
version = "0.1.2"
source = "registry+https://github.com/rust-lang/crates.io-index"
checksum = "fe3d1321020a1ab663e43ecb47232ce0d78af12b14dffcf21498bb71349871a1"
dependencies = [
 "sim-cookbook",
 "sim-lib-numbers-signal",
 "sim-lib-sound-core",
]

[[package]]
name = "sim-lib-sound-timbre"
version = "0.1.3"
source = "registry+https://github.com/rust-lang/crates.io-index"
checksum = "3b2368b9a611c54ab71c3ed29b1d3395aed27320bc2af541c69fa3064288df73"
dependencies = [
 "sim-cookbook",
 "sim-kernel",
 "sim-lib-core 0.2.0",
 "sim-lib-discrete-search",
 "sim-lib-sound-core",
]

[[package]]
name = "sim-lib-sound-tuning"
version = "0.2.1"
source = "registry+https://github.com/rust-lang/crates.io-index"
checksum = "e9d0e5c5a23c146ef096f3f77fe0acf7c22d94ce9672a8e735fdfd85de25151a"
dependencies = [
 "sim-cookbook",
 "sim-kernel",
 "sim-lib-core 0.2.0",
 "sim-lib-pitch-core",
 "sim-lib-sound-core",
 "thiserror",
]

[[package]]
name = "sim-lib-stream-clock"
version = "0.1.2"
source = "registry+https://github.com/rust-lang/crates.io-index"
checksum = "432e03516f8aa7093626c4e06b76db5909514bfa120ec3ecd78611ef3c37fd74"
dependencies = [
 "sim-citizen",
 "sim-citizen-derive",
 "sim-cookbook",
 "sim-kernel",
 "sim-lib-stream-core",
 "sim-value",
]

[[package]]
name = "sim-lib-stream-core"
version = "0.1.4"
source = "registry+https://github.com/rust-lang/crates.io-index"
checksum = "a4c46d25e67770bf27e6fffc44751efea9f676c01febb1fe45c32e2e90576b45"
dependencies = [
 "sim-citizen",
 "sim-citizen-derive",
 "sim-cookbook",
 "sim-kernel",
 "sim-shape",
 "sim-value",
]

[[package]]
name = "sim-lib-topology"
version = "0.1.5"
source = "registry+https://github.com/rust-lang/crates.io-index"
checksum = "7cea8d14fc2d71eaf4156573b2dbe52d6ff641bf7f6ffabe56506d9bec4e619e"
dependencies = [
 "sim-citizen",
 "sim-citizen-derive",
 "sim-codec",
 "sim-cookbook",
 "sim-kernel",
 "sim-lib-core 0.2.0",
 "sim-lib-stream-core",
 "sim-shape",
 "sim-value",
]

[[package]]
name = "sim-platform-audio"
version = "0.1.0"
dependencies = [
 "sim-audio-ports",
]

[[package]]
name = "sim-platform-bootstrap"
version = "0.1.0"
dependencies = [
 "sha2",
 "sim-kernel",
 "sim-platform-core",
 "sim-run-loaders",
 "tempfile",
]

[[package]]
name = "sim-platform-core"
version = "0.1.0"
dependencies = [
 "serde",
 "serde_json",
 "sim-codec",
 "sim-codec-binary",
 "sim-codec-json",
 "sim-codec-lisp",
 "sim-kernel",
 "toml",
]

[[package]]
name = "sim-platform-linux"
version = "0.1.0"
dependencies = [
 "serde",
 "sim-platform-core",
 "sim-transport-ports",
]

[[package]]
name = "sim-platform-model"
version = "0.1.0"
dependencies = [
 "serde",
 "serde_json",
 "sim-kernel",
 "sim-lib-exec",
 "sim-platform-core",
 "sim-run-loaders",
]

[[package]]
name = "sim-platform-ubuntu-pc"
version = "0.1.0"
dependencies = [
 "serde",
 "serde_json",
 "sim-kernel",
 "sim-lib-exec",
 "sim-platform-core",
 "sim-platform-linux",
 "sim-platform-model",
 "sim-run-loaders",
 "sim-wasm-abi",
]

[[package]]
name = "sim-run-loaders"
version = "0.2.0"
source = "registry+https://github.com/rust-lang/crates.io-index"
checksum = "b8f8ae54be3b8471adc887edf677868757e2f988da285a5ed6efd9b53aaa5862"
dependencies = [
 "libloading",
 "sim-codec",
 "sim-codec-binary",
 "sim-kernel",
 "sim-value",
 "sim-wasm-abi",
]

[[package]]
name = "sim-shape"
version = "0.2.4"
source = "registry+https://github.com/rust-lang/crates.io-index"
checksum = "bbed218763537f3da4c31f12cebf4d7a038720fbb9dcd9d4d129564e369fe9d8"
dependencies = [
 "sim-citizen",
 "sim-citizen-derive",
 "sim-kernel",
]

[[package]]
name = "sim-storage-port"
version = "0.1.0"

[[package]]
name = "sim-table-core"
version = "0.1.4"
source = "registry+https://github.com/rust-lang/crates.io-index"
checksum = "f51854ebd3bf05c3d7036e88419002c22b090c892aa0a58b3275b5c369348b6d"
dependencies = [
 "sim-kernel",
 "sim-value",
]

[[package]]
name = "sim-table-fs"
version = "0.1.4"
dependencies = [
 "globset",
 "regex",
 "sim-citizen",
 "sim-citizen-derive",
 "sim-codec",
 "sim-codec-algol",
 "sim-codec-binary",
 "sim-codec-binary-base64",
 "sim-codec-chat",
 "sim-codec-json",
 "sim-codec-lisp",
 "sim-cookbook",
 "sim-kernel",
 "sim-lib-midi-shapes",
 "sim-lib-midi-smf",
 "sim-lib-music-core",
 "sim-lib-music-notation",
 "sim-lib-music-shapes",
 "sim-lib-pitch-core",
 "sim-lib-sound-core",
 "sim-lib-sound-shapes",
 "sim-lib-sound-tuning",
 "sim-storage-port",
 "sim-table-core",
 "sim-test-support",
]

[[package]]
name = "sim-test-support"
version = "0.1.2"
source = "registry+https://github.com/rust-lang/crates.io-index"
checksum = "8037b315a0acdb0897ae757600a6fdcb57d5b8350dee14619ad77ec81a5f7c7d"
dependencies = [
 "sim-citizen",
 "sim-citizen-derive",
 "sim-codec",
 "sim-kernel",
 "sim-value",
]

[[package]]
name = "sim-transport-ports"
version = "0.1.0"

[[package]]
name = "sim-value"
version = "0.2.0"
source = "registry+https://github.com/rust-lang/crates.io-index"
checksum = "a5a3ca34efc2b8cd76bf8a99164b12984adffac302f910989acbb0378f20e04f"
dependencies = [
 "sim-kernel",
]

[[package]]
name = "sim-wasm-abi"
version = "0.3.0"
source = "registry+https://github.com/rust-lang/crates.io-index"
checksum = "2239840c0f82001dbf91d2753b17fcb83982e6789bd50f63a633957c9c224a26"
dependencies = [
 "sim-codec-binary",
 "sim-kernel",
 "wasmi",
]

[[package]]
name = "spin"
version = "0.9.9"
source = "registry+https://github.com/rust-lang/crates.io-index"
checksum = "3763264f6b73151db08c50ff20d7d8a0b8796e021cdea7ceedad07b80155fa0e"

[[package]]
name = "string-interner"
version = "0.19.0"
source = "registry+https://github.com/rust-lang/crates.io-index"
checksum = "23de088478b31c349c9ba67816fa55d9355232d63c3afea8bf513e31f0f1d2c0"
dependencies = [
 "hashbrown 0.15.5",
 "serde",
]

[[package]]
name = "syn"
version = "2.0.119"
source = "registry+https://github.com/rust-lang/crates.io-index"
checksum = "872831b642d1a07999a962a351ed35b955ea2cfc8f3862091e2a240a84f17297"
dependencies = [
 "proc-macro2",
 "quote",
 "unicode-ident",
]

[[package]]
name = "syn"
version = "3.0.3"
source = "registry+https://github.com/rust-lang/crates.io-index"
checksum = "53e9bae58849f64dfa4f5d5ae372c8341f7305f82a3868709269343628b659a3"
dependencies = [
 "proc-macro2",
 "quote",
 "unicode-ident",
]

[[package]]
name = "tempfile"
version = "3.27.0"
source = "registry+https://github.com/rust-lang/crates.io-index"
checksum = "32497e9a4c7b38532efcdebeef879707aa9f794296a4f0244f6f69e9bc8574bd"
dependencies = [
 "fastrand",
 "getrandom",
 "once_cell",
 "rustix",
 "windows-sys",
]

[[package]]
name = "thiserror"
version = "1.0.69"
source = "registry+https://github.com/rust-lang/crates.io-index"
checksum = "b6aaf5339b578ea85b50e080feb250a3e8ae8cfcdff9a461c9ec2904bc923f52"
dependencies = [
 "thiserror-impl",
]

[[package]]
name = "thiserror-impl"
version = "1.0.69"
source = "registry+https://github.com/rust-lang/crates.io-index"
checksum = "4fee6c4efc90059e10f81e6d42c60a18f76588c3d74cb83a0b242a2b6c7504c1"
dependencies = [
 "proc-macro2",
 "quote",
 "syn 2.0.119",
]

[[package]]
name = "toml"
version = "0.8.23"
source = "registry+https://github.com/rust-lang/crates.io-index"
checksum = "dc1beb996b9d83529a9e75c17a1686767d148d70663143c7854d8b4a09ced362"
dependencies = [
 "serde",
 "serde_spanned",
 "toml_datetime 0.6.11",
 "toml_edit 0.22.27",
]

[[package]]
name = "toml_datetime"
version = "0.6.11"
source = "registry+https://github.com/rust-lang/crates.io-index"
checksum = "22cddaf88f4fbc13c51aebbf5f8eceb5c7c5a9da2ac40a13519eb5b0a0e8f11c"
dependencies = [
 "serde",
]

[[package]]
name = "toml_datetime"
version = "1.1.1+spec-1.1.0"
source = "registry+https://github.com/rust-lang/crates.io-index"
checksum = "3165f65f62e28e0115a00b2ebdd37eb6f3b641855f9d636d3cd4103767159ad7"
dependencies = [
 "serde_core",
]

[[package]]
name = "toml_edit"
version = "0.22.27"
source = "registry+https://github.com/rust-lang/crates.io-index"
checksum = "41fe8c660ae4257887cf66394862d21dbca4a6ddd26f04a3560410406a2f819a"
dependencies = [
 "indexmap",
 "serde",
 "serde_spanned",
 "toml_datetime 0.6.11",
 "toml_write",
 "winnow 0.7.15",
]

[[package]]
name = "toml_edit"
version = "0.25.13+spec-1.1.0"
source = "registry+https://github.com/rust-lang/crates.io-index"
checksum = "6975367e4d2ef766d86af01ffad14b622fecc8d4357a998fbc4deb6e9bacaf9b"
dependencies = [
 "indexmap",
 "toml_datetime 1.1.1+spec-1.1.0",
 "toml_parser",
 "winnow 1.0.4",
]

[[package]]
name = "toml_parser"
version = "1.1.3+spec-1.1.0"
source = "registry+https://github.com/rust-lang/crates.io-index"
checksum = "1d38ac1cf9b95face32296c0a3ede1fdc270627c9d9c02a7274dd6d960dc4d56"
dependencies = [
 "winnow 1.0.4",
]

[[package]]
name = "toml_write"
version = "0.1.2"
source = "registry+https://github.com/rust-lang/crates.io-index"
checksum = "5d99f8c9a7727884afe522e9bd5edbfc91a3312b36a77b5fb8926e4c31a41801"

[[package]]
name = "typenum"
version = "1.20.1"
source = "registry+https://github.com/rust-lang/crates.io-index"
checksum = "b6f5e870be6c3b371b77fe0ee0bafb859fa4964b4404c27de1d380043c4dda20"

[[package]]
name = "unicode-ident"
version = "1.0.24"
source = "registry+https://github.com/rust-lang/crates.io-index"
checksum = "e6e4313cd5fcd3dad5cafa179702e2b244f760991f45397d14d4ebf38247da75"

[[package]]
name = "unicode-width"
version = "0.2.2"
source = "registry+https://github.com/rust-lang/crates.io-index"
checksum = "b4ac048d71ede7ee76d585517add45da530660ef4390e49b098733c6e897f254"

[[package]]
name = "version_check"
version = "0.9.5"
source = "registry+https://github.com/rust-lang/crates.io-index"
checksum = "0b928f33d975fc6ad9f86c8f283853ad26bdd5b10b7f1542aa2fa15e2289105a"

[[package]]
name = "wasm-encoder"
version = "0.257.1"
source = "registry+https://github.com/rust-lang/crates.io-index"
checksum = "7d8ad9f0a39050867bda22e6486c316e2e52d20a42154d5bc433934bf738d085"
dependencies = [
 "leb128fmt",
 "wasmparser 0.257.1",
]

[[package]]
name = "wasmi"
version = "0.51.5"
source = "registry+https://github.com/rust-lang/crates.io-index"
checksum = "bb321403ce594274827657a908e13d1d9918aa02257b8bf8391949d9764023ff"
dependencies = [
 "spin",
 "wasmi_collections",
 "wasmi_core",
 "wasmi_ir",
 "wasmparser 0.228.0",
 "wat",
]

[[package]]
name = "wasmi_collections"
version = "0.51.5"
source = "registry+https://github.com/rust-lang/crates.io-index"
checksum = "e9b8e98e45a2a534489f8225e765cbf1cb9a3078072605e58158910cf4749172"
dependencies = [
 "string-interner",
]

[[package]]
name = "wasmi_core"
version = "0.51.5"
source = "registry+https://github.com/rust-lang/crates.io-index"
checksum = "c25f375c0cdf14810eab07f532f61f14d4966f09c747a55067fdf3196e8512e6"
dependencies = [
 "libm",
]

[[package]]
name = "wasmi_ir"
version = "0.51.5"
source = "registry+https://github.com/rust-lang/crates.io-index"
checksum = "624e2a68a4293ecb8f564260b68394b29cf3b3edba6bce35532889a2cb33c3d9"
dependencies = [
 "wasmi_core",
]

[[package]]
name = "wasmparser"
version = "0.228.0"
source = "registry+https://github.com/rust-lang/crates.io-index"
checksum = "4abf1132c1fdf747d56bbc1bb52152400c70f336870f968b85e89ea422198ae3"
dependencies = [
 "bitflags",
 "indexmap",
]

[[package]]
name = "wasmparser"
version = "0.257.1"
source = "registry+https://github.com/rust-lang/crates.io-index"
checksum = "d92fc335fb6d48f46bda1d8b26b69e28320c15ac3272208333833d6e217e2b4a"
dependencies = [
 "bitflags",
 "indexmap",
]

[[package]]
name = "wast"
version = "257.0.1"
source = "registry+https://github.com/rust-lang/crates.io-index"
checksum = "3c416ee8044cf88c5280e3d87c322b009525eb25142cf7428f0a90ea88febc3b"
dependencies = [
 "bumpalo",
 "leb128fmt",
 "memchr",
 "unicode-width",
 "wasm-encoder",
]

[[package]]
name = "wat"
version = "1.257.1"
source = "registry+https://github.com/rust-lang/crates.io-index"
checksum = "672e5495f00c5fc6c6b502205bae4708aa4dd13d969754438743afe0a8af0f1d"
dependencies = [
 "wast",
]

[[package]]
name = "windows-link"
version = "0.2.1"
source = "registry+https://github.com/rust-lang/crates.io-index"
checksum = "f0805222e57f7521d6a62e36fa9163bc891acd422f971defe97d64e70d0a4fe5"

[[package]]
name = "windows-sys"
version = "0.61.2"
source = "registry+https://github.com/rust-lang/crates.io-index"
checksum = "ae137229bcbd6cdf0f7b80a31df61766145077ddf49416a728b02cb3921ff3fc"
dependencies = [
 "windows-link",
]

[[package]]
name = "winnow"
version = "0.7.15"
source = "registry+https://github.com/rust-lang/crates.io-index"
checksum = "df79d97927682d2fd8adb29682d1140b343be4ac0f08fd68b7765d9c059d3945"
dependencies = [
 "memchr",
]

[[package]]
name = "winnow"
version = "1.0.4"
source = "registry+https://github.com/rust-lang/crates.io-index"
checksum = "23b97319f7b8343df12cc98938e5c3eb436064524c8d2b4e30a1d3a36eecdf81"
dependencies = [
 "memchr",
]

[[package]]
name = "xtask"
version = "0.0.0"

[[package]]
name = "zerocopy"
version = "0.8.56"
source = "registry+https://github.com/rust-lang/crates.io-index"
checksum = "556764e583adb45a9f8d413c2a147fa7e8d821e48e12b14fd560b607998b75eb"
dependencies = [
 "zerocopy-derive",
]

[[package]]
name = "zerocopy-derive"
version = "0.8.56"
source = "registry+https://github.com/rust-lang/crates.io-index"
checksum = "f2ab42fc20575779bd240faa45f94a74256f755c0fa9e89f0ede20d91d0cdfc1"
dependencies = [
 "proc-macro2",
 "quote",
 "syn 2.0.119",
]

[[package]]
name = "zmij"
version = "1.0.23"
source = "registry+https://github.com/rust-lang/crates.io-index"
checksum = "29666d0abbfad1e3dc4dcf6144730dd3a3ab225bbbdac83319345b1b44ccfc1b"

[[patch.unused]]
name = "sim-host-core"
version = "0.1.0"
